
Microsoft Visual Studio Solution File, Format Version 12.00
# Visual Studio Version 17
VisualStudioVersion = 17.2.32526.322
MinimumVisualStudioVersion = 10.0.40219.1
Project("{9A19103F-16F7-4668-BE54-9A1E7A4F7556}") = "LibrosBlzJFAZ", "LibrosBlzJFAZ\LibrosBlzJFAZ.csproj", "{4F972540-32DC-47EC-8F6F-37D49B090083}"
EndProject
Global
	GlobalSection(SolutionConfigurationPlatforms) = preSolution
		Debug|Any CPU = Debug|Any CPU
		Release|Any CPU = Release|Any CPU
	EndGlobalSection
	GlobalSection(ProjectConfigurationPlatforms) = postSolution
		{4F972540-32DC-47EC-8F6F-37D49B090083}.Debug|Any CPU.ActiveCfg = Debug|Any CPU
		{4F972540-32DC-47EC-8F6F-37D49B090083}.Debug|Any CPU.Build.0 = Debug|Any CPU
		{4F972540-32DC-47EC-8F6F-37D49B090083}.Release|Any CPU.ActiveCfg = Release|Any CPU
		{4F972540-32DC-47EC-8F6F-37D49B090083}.Release|Any CPU.Build.0 = Release|Any CPU
	EndGlobalSection
	GlobalSection(SolutionProperties) = preSolution
		HideSolutionNode = FALSE
	EndGlobalSection
	GlobalSection(ExtensibilityGlobals) = postSolution
		SolutionGuid = {2770A07C-BB18-41BB-AE6F-67B7DFE23DE2}
	EndGlobalSection
EndGlobal
